
Microsoft Visual Studio Solution File, Format Version 12.00
# Visual Studio Version 17
VisualStudioVersion = 17.2.32616.157
MinimumVisualStudioVersion = 10.0.40219.1
Project("{FAE04EC0-301F-11D3-BF4B-00C04F79EFBC}") = "ObserverDesignPattern", "ObserverDesignPattern.csproj", "{2D323911-750C-482F-9C3A-1D1B6C698DD0}"
EndProject
Global
	GlobalSection(SolutionConfigurationPlatforms) = preSolution
		Debug|Any CPU = Debug|Any CPU
		Release|Any CPU = Release|Any CPU
	EndGlobalSection
	GlobalSection(ProjectConfigurationPlatforms) = postSolution
		{2D323911-750C-482F-9C3A-1D1B6C698DD0}.Debug|Any CPU.ActiveCfg = Debug|Any CPU
		{2D323911-750C-482F-9C3A-1D1B6C698DD0}.Debug|Any CPU.Build.0 = Debug|Any CPU
		{2D323911-750C-482F-9C3A-1D1B6C698DD0}.Release|Any CPU.ActiveCfg = Release|Any CPU
		{2D323911-750C-482F-9C3A-1D1B6C698DD0}.Release|Any CPU.Build.0 = Release|Any CPU
	EndGlobalSection
	GlobalSection(SolutionProperties) = preSolution
		HideSolutionNode = FALSE
	EndGlobalSection
	GlobalSection(ExtensibilityGlobals) = postSolution
		SolutionGuid = {63F14999-7C9D-4C72-A849-B5838D402286}
	EndGlobalSection
EndGlobal
